
Microsoft Visual Studio Solution File, Format Version 12.00
# Visual Studio Version 17
VisualStudioVersion = 17.7.34018.315
MinimumVisualStudioVersion = 10.0.40219.1
Project("{FAE04EC0-301F-11D3-BF4B-00C04F79EFBC}") = "bai_thuc_hanh_1", "bai_thuc_hanh_1.csproj", "{26D13F9E-5668-42CC-8D3E-2254810C032B}"
EndProject
Global
	GlobalSection(SolutionConfigurationPlatforms) = preSolution
		Debug|Any CPU = Debug|Any CPU
		Release|Any CPU = Release|Any CPU
	EndGlobalSection
	GlobalSection(ProjectConfigurationPlatforms) = postSolution
		{26D13F9E-5668-42CC-8D3E-2254810C032B}.Debug|Any CPU.ActiveCfg = Debug|Any CPU
		{26D13F9E-5668-42CC-8D3E-2254810C032B}.Debug|Any CPU.Build.0 = Debug|Any CPU
		{26D13F9E-5668-42CC-8D3E-2254810C032B}.Release|Any CPU.ActiveCfg = Release|Any CPU
		{26D13F9E-5668-42CC-8D3E-2254810C032B}.Release|Any CPU.Build.0 = Release|Any CPU
	EndGlobalSection
	GlobalSection(SolutionProperties) = preSolution
		HideSolutionNode = FALSE
	EndGlobalSection
	GlobalSection(ExtensibilityGlobals) = postSolution
		SolutionGuid = {8D8E472F-18F2-4F55-9C7A-CF8163D70F74}
	EndGlobalSection
EndGlobal
